
Microsoft Visual Studio Solution File, Format Version 11.00
# Visual Studio 2010
Project("{FAE04EC0-301F-11D3-BF4B-00C04F79EFBC}") = "FitnessTracker", "FitnessTracker\FitnessTracker.csproj", "{ABE32C47-E749-4D79-A8E6-1CA29A54DA60}"
EndProject
Project("{FAE04EC0-301F-11D3-BF4B-00C04F79EFBC}") = "FitnessTracker.Tests", "FitnessTracker.Tests\FitnessTracker.Tests.csproj", "{5092F023-7B83-4A42-8802-7AC7616D1D1F}"
EndProject
Global
	GlobalSection(SolutionConfigurationPlatforms) = preSolution
		Debug|Any CPU = Debug|Any CPU
		Release|Any CPU = Release|Any CPU
	EndGlobalSection
	GlobalSection(ProjectConfigurationPlatforms) = postSolution
		{ABE32C47-E749-4D79-A8E6-1CA29A54DA60}.Debug|Any CPU.ActiveCfg = Debug|Any CPU
		{ABE32C47-E749-4D79-A8E6-1CA29A54DA60}.Debug|Any CPU.Build.0 = Debug|Any CPU
		{ABE32C47-E749-4D79-A8E6-1CA29A54DA60}.Release|Any CPU.ActiveCfg = Release|Any CPU
		{ABE32C47-E749-4D79-A8E6-1CA29A54DA60}.Release|Any CPU.Build.0 = Release|Any CPU
		{5092F023-7B83-4A42-8802-7AC7616D1D1F}.Debug|Any CPU.ActiveCfg = Debug|Any CPU
		{5092F023-7B83-4A42-8802-7AC7616D1D1F}.Debug|Any CPU.Build.0 = Debug|Any CPU
		{5092F023-7B83-4A42-8802-7AC7616D1D1F}.Release|Any CPU.ActiveCfg = Release|Any CPU
		{5092F023-7B83-4A42-8802-7AC7616D1D1F}.Release|Any CPU.Build.0 = Release|Any CPU
	EndGlobalSection
	GlobalSection(SolutionProperties) = preSolution
		HideSolutionNode = FALSE
	EndGlobalSection
EndGlobal
